
Microsoft Visual Studio Solution File, Format Version 12.00
# Visual Studio Version 16
VisualStudioVersion = 16.0.33214.272
MinimumVisualStudioVersion = 10.0.40219.1
Project("{8BC9CEB8-8B4A-11D0-8D11-00A0C91BC942}") = "heardle_GUI", "heardle_GUI.vcxproj", "{465EDBF9-BCD3-40EB-B004-CF9E30607AA1}"
EndProject
Global
	GlobalSection(SolutionConfigurationPlatforms) = preSolution
		Debug|x64 = Debug|x64
		Debug|x86 = Debug|x86
		Release|x64 = Release|x64
		Release|x86 = Release|x86
	EndGlobalSection
	GlobalSection(ProjectConfigurationPlatforms) = postSolution
		{465EDBF9-BCD3-40EB-B004-CF9E30607AA1}.Debug|x64.ActiveCfg = Debug|x64
		{465EDBF9-BCD3-40EB-B004-CF9E30607AA1}.Debug|x64.Build.0 = Debug|x64
		{465EDBF9-BCD3-40EB-B004-CF9E30607AA1}.Debug|x86.ActiveCfg = Debug|Win32
		{465EDBF9-BCD3-40EB-B004-CF9E30607AA1}.Debug|x86.Build.0 = Debug|Win32
		{465EDBF9-BCD3-40EB-B004-CF9E30607AA1}.Release|x64.ActiveCfg = Release|x64
		{465EDBF9-BCD3-40EB-B004-CF9E30607AA1}.Release|x64.Build.0 = Release|x64
		{465EDBF9-BCD3-40EB-B004-CF9E30607AA1}.Release|x86.ActiveCfg = Release|Win32
		{465EDBF9-BCD3-40EB-B004-CF9E30607AA1}.Release|x86.Build.0 = Release|Win32
	EndGlobalSection
	GlobalSection(SolutionProperties) = preSolution
		HideSolutionNode = FALSE
	EndGlobalSection
	GlobalSection(ExtensibilityGlobals) = postSolution
		SolutionGuid = {A649D9D7-695E-48E2-8149-A54CA3FA43C4}
	EndGlobalSection
EndGlobal
